
Microsoft Visual Studio Solution File, Format Version 12.00
# Visual Studio Version 17
VisualStudioVersion = 17.14.36804.6 d17.14
MinimumVisualStudioVersion = 10.0.40219.1
Project("{FAE04EC0-301F-11D3-BF4B-00C04F79EFBC}") = "XQWERTYATimeParserC#", "XQWERTYATimeParserC#.csproj", "{E9CEC1A5-49CC-4A4C-B998-B75BECE797BC}"
EndProject
Global
	GlobalSection(SolutionConfigurationPlatforms) = preSolution
		Debug|Any CPU = Debug|Any CPU
		Release|Any CPU = Release|Any CPU
	EndGlobalSection
	GlobalSection(ProjectConfigurationPlatforms) = postSolution
		{E9CEC1A5-49CC-4A4C-B998-B75BECE797BC}.Debug|Any CPU.ActiveCfg = Debug|Any CPU
		{E9CEC1A5-49CC-4A4C-B998-B75BECE797BC}.Debug|Any CPU.Build.0 = Debug|Any CPU
		{E9CEC1A5-49CC-4A4C-B998-B75BECE797BC}.Release|Any CPU.ActiveCfg = Release|Any CPU
		{E9CEC1A5-49CC-4A4C-B998-B75BECE797BC}.Release|Any CPU.Build.0 = Release|Any CPU
	EndGlobalSection
	GlobalSection(SolutionProperties) = preSolution
		HideSolutionNode = FALSE
	EndGlobalSection
	GlobalSection(ExtensibilityGlobals) = postSolution
		SolutionGuid = {01CA3C28-3E81-440B-B33C-BB87BD30C523}
	EndGlobalSection
EndGlobal
